
Microsoft Visual Studio Solution File, Format Version 12.00
# Visual Studio 14
VisualStudioVersion = 14.0.23107.0
MinimumVisualStudioVersion = 10.0.40219.1
Project("{FAE04EC0-301F-11D3-BF4B-00C04F79EFBC}") = "StrategyPattner", "StrategyPattner\StrategyPattner.csproj", "{5F04D446-D573-4804-A178-31F2105D2AF9}"
EndProject
Project("{FAE04EC0-301F-11D3-BF4B-00C04F79EFBC}") = "ChainsOfResponsability", "ChainsOfResponsability\ChainsOfResponsability.csproj", "{41AE2768-A88A-43E6-9D39-E97C2F90912D}"
EndProject
Project("{FAE04EC0-301F-11D3-BF4B-00C04F79EFBC}") = "Decorator", "Decorator\Decorator.csproj", "{9E1DA4D3-068D-4A6F-9FFB-688868B19FE7}"
EndProject
Project("{FAE04EC0-301F-11D3-BF4B-00C04F79EFBC}") = "TemplateMethod", "TemplateMethod\TemplateMethod.csproj", "{433C172C-813F-4B8D-BADA-BF6BE155437F}"
EndProject
Project("{FAE04EC0-301F-11D3-BF4B-00C04F79EFBC}") = "StatePattner", "StatePattner\StatePattner.csproj", "{482CF008-1EB8-4229-816F-7F178D96F8DE}"
EndProject
Global
	GlobalSection(SolutionConfigurationPlatforms) = preSolution
		Debug|Any CPU = Debug|Any CPU
		Release|Any CPU = Release|Any CPU
	EndGlobalSection
	GlobalSection(ProjectConfigurationPlatforms) = postSolution
		{5F04D446-D573-4804-A178-31F2105D2AF9}.Debug|Any CPU.ActiveCfg = Debug|Any CPU
		{5F04D446-D573-4804-A178-31F2105D2AF9}.Debug|Any CPU.Build.0 = Debug|Any CPU
		{5F04D446-D573-4804-A178-31F2105D2AF9}.Release|Any CPU.ActiveCfg = Release|Any CPU
		{5F04D446-D573-4804-A178-31F2105D2AF9}.Release|Any CPU.Build.0 = Release|Any CPU
		{41AE2768-A88A-43E6-9D39-E97C2F90912D}.Debug|Any CPU.ActiveCfg = Debug|Any CPU
		{41AE2768-A88A-43E6-9D39-E97C2F90912D}.Debug|Any CPU.Build.0 = Debug|Any CPU
		{41AE2768-A88A-43E6-9D39-E97C2F90912D}.Release|Any CPU.ActiveCfg = Release|Any CPU
		{41AE2768-A88A-43E6-9D39-E97C2F90912D}.Release|Any CPU.Build.0 = Release|Any CPU
		{9E1DA4D3-068D-4A6F-9FFB-688868B19FE7}.Debug|Any CPU.ActiveCfg = Debug|Any CPU
		{9E1DA4D3-068D-4A6F-9FFB-688868B19FE7}.Debug|Any CPU.Build.0 = Debug|Any CPU
		{9E1DA4D3-068D-4A6F-9FFB-688868B19FE7}.Release|Any CPU.ActiveCfg = Release|Any CPU
		{9E1DA4D3-068D-4A6F-9FFB-688868B19FE7}.Release|Any CPU.Build.0 = Release|Any CPU
		{433C172C-813F-4B8D-BADA-BF6BE155437F}.Debug|Any CPU.ActiveCfg = Debug|Any CPU
		{433C172C-813F-4B8D-BADA-BF6BE155437F}.Debug|Any CPU.Build.0 = Debug|Any CPU
		{433C172C-813F-4B8D-BADA-BF6BE155437F}.Release|Any CPU.ActiveCfg = Release|Any CPU
		{433C172C-813F-4B8D-BADA-BF6BE155437F}.Release|Any CPU.Build.0 = Release|Any CPU
		{482CF008-1EB8-4229-816F-7F178D96F8DE}.Debug|Any CPU.ActiveCfg = Debug|Any CPU
		{482CF008-1EB8-4229-816F-7F178D96F8DE}.Debug|Any CPU.Build.0 = Debug|Any CPU
		{482CF008-1EB8-4229-816F-7F178D96F8DE}.Release|Any CPU.ActiveCfg = Release|Any CPU
		{482CF008-1EB8-4229-816F-7F178D96F8DE}.Release|Any CPU.Build.0 = Release|Any CPU
	EndGlobalSection
	GlobalSection(SolutionProperties) = preSolution
		HideSolutionNode = FALSE
	EndGlobalSection
EndGlobal
